<?xml version="1.0" encoding="utf-8"?>
<Project ToolsVersion="4.0" xmlns="http://schemas.microsoft.com/developer/msbuild/2003">
  <ItemGroup>
    <Filter Include="include">
      <UniqueIdentifier>{e5420c5e-3964-498c-a2dd-04e63d96379b}</UniqueIdentifier>
    </Filter>
  </ItemGroup>
  <ItemGroup>
    <ClCompile Include="impp-test.cpp" />
  </ItemGroup>
  <ItemGroup>
    <ClInclude Include="..\..\include\image.hpp">
      <Filter>include</Filter>
    </ClInclude>
    <ClInclude Include="..\..\include\pixel.hpp">
      <Filter>include</Filter>
    </ClInclude>
    <ClInclude Include="..\..\include\tga.hpp">
      <Filter>include</Filter>
    </ClInclude>
  </ItemGroup>
</Project>